
Microsoft Visual Studio Solution File, Format Version 12.00
# Visual Studio Version 17
VisualStudioVersion = 17.7.34018.315
MinimumVisualStudioVersion = 10.0.40219.1
Project("{F184B08F-C81C-45F6-A57F-5ABD9991F28F}") = "Craft-Notes-0", "Craft-Notes-0.vbproj", "{0B2E311D-126D-4BEB-8167-1F2A8210AA40}"
EndProject
Global
	GlobalSection(SolutionConfigurationPlatforms) = preSolution
		Debug|Any CPU = Debug|Any CPU
		Release|Any CPU = Release|Any CPU
	EndGlobalSection
	GlobalSection(ProjectConfigurationPlatforms) = postSolution
		{0B2E311D-126D-4BEB-8167-1F2A8210AA40}.Debug|Any CPU.ActiveCfg = Debug|Any CPU
		{0B2E311D-126D-4BEB-8167-1F2A8210AA40}.Debug|Any CPU.Build.0 = Debug|Any CPU
		{0B2E311D-126D-4BEB-8167-1F2A8210AA40}.Release|Any CPU.ActiveCfg = Release|Any CPU
		{0B2E311D-126D-4BEB-8167-1F2A8210AA40}.Release|Any CPU.Build.0 = Release|Any CPU
	EndGlobalSection
	GlobalSection(SolutionProperties) = preSolution
		HideSolutionNode = FALSE
	EndGlobalSection
	GlobalSection(ExtensibilityGlobals) = postSolution
		SolutionGuid = {F6EBFA89-8095-47D1-9739-A024D94FF47F}
	EndGlobalSection
EndGlobal
