
Microsoft Visual Studio Solution File, Format Version 12.00
# Visual Studio Version 17
VisualStudioVersion = 17.14.36121.58 d17.14
MinimumVisualStudioVersion = 10.0.40219.1
Project("{F184B08F-C81C-45F6-A57F-5ABD9991F28F}") = "zFilter", "zFilter.vbproj", "{C084B636-A99C-4823-ABAF-991EFFB476ED}"
EndProject
Global
	GlobalSection(SolutionConfigurationPlatforms) = preSolution
		Debug|Any CPU = Debug|Any CPU
		Release|Any CPU = Release|Any CPU
	EndGlobalSection
	GlobalSection(ProjectConfigurationPlatforms) = postSolution
		{C084B636-A99C-4823-ABAF-991EFFB476ED}.Debug|Any CPU.ActiveCfg = Debug|Any CPU
		{C084B636-A99C-4823-ABAF-991EFFB476ED}.Debug|Any CPU.Build.0 = Debug|Any CPU
		{C084B636-A99C-4823-ABAF-991EFFB476ED}.Release|Any CPU.ActiveCfg = Release|Any CPU
		{C084B636-A99C-4823-ABAF-991EFFB476ED}.Release|Any CPU.Build.0 = Release|Any CPU
	EndGlobalSection
	GlobalSection(SolutionProperties) = preSolution
		HideSolutionNode = FALSE
	EndGlobalSection
	GlobalSection(ExtensibilityGlobals) = postSolution
		SolutionGuid = {55A1E6A5-F4FC-43E9-97D0-C1E639D3D908}
	EndGlobalSection
EndGlobal
